
Microsoft Visual Studio Solution File, Format Version 12.00
# Visual Studio 2012
Project("{FAE04EC0-301F-11D3-BF4B-00C04F79EFBC}") = "SpencerGifts.Translate.TLog.IOrders", "Libraries\IOrders\SpencerGifts.Translate.TLog.IOrders.csproj", "{EECFD299-DCFE-4C61-BCD9-42AD40CE9715}"
EndProject
Project("{FAE04EC0-301F-11D3-BF4B-00C04F79EFBC}") = "SpencerGifts.TlogCommon", "Libraries\SpencerGifts.TlogCommon\SpencerGifts.TlogCommon.csproj", "{E3EF289B-96F2-4484-AAD4-7F43F4E6E595}"
EndProject
Project("{FAE04EC0-301F-11D3-BF4B-00C04F79EFBC}") = "SpencerGifts.Translate.TLog", "Libraries\SpencerGifts.Translate.TLog\SpencerGifts.Translate.TLog.csproj", "{305C3C58-C602-4DDB-B727-7817F20F1347}"
EndProject
Project("{FAE04EC0-301F-11D3-BF4B-00C04F79EFBC}") = "SpencerGifts.Translate.TLog.AS400", "Libraries\AS400\SpencerGifts.Translate.TLog.AS400.csproj", "{11714276-0C72-4641-A10B-97E318C81C70}"
EndProject
Project("{FAE04EC0-301F-11D3-BF4B-00C04F79EFBC}") = "Translate", "Console Programs\Translate\Translate.csproj", "{5920D29E-95E5-4D58-8BF6-D3198D675561}"
EndProject
Project("{FAE04EC0-301F-11D3-BF4B-00C04F79EFBC}") = "SpencerGifts.Translate.Tlog.SignatureLookup", "Libraries\SignatureLookup\SpencerGifts.Translate.Tlog.SignatureLookup.csproj", "{2CF0E3B2-01D3-407C-BCFD-884FA9D9A11C}"
EndProject
Project("{FAE04EC0-301F-11D3-BF4B-00C04F79EFBC}") = "SpencerGifts.Translate.Tlog.PSTAudit", "SpencerGifts.Translate.Tlog.PSTAudit\SpencerGifts.Translate.Tlog.PSTAudit.csproj", "{78A4673C-173C-40CD-A974-FEA9FE66C213}"
EndProject
Project("{FAE04EC0-301F-11D3-BF4B-00C04F79EFBC}") = "SpencerGifts.Translate.TLog.SGGCINV0", "SpencerGifts.Translate.TLog.SGGCINV0\SpencerGifts.Translate.TLog.SGGCINV0.csproj", "{FEB2B0CF-B34D-4C98-9128-71B36E2149FF}"
EndProject
Project("{FAE04EC0-301F-11D3-BF4B-00C04F79EFBC}") = "SpencerGifts.Translate.Tlog.SGPYTECH", "SpencerGifts.Translate.Tlog.SGPYTECH\SpencerGifts.Translate.Tlog.SGPYTECH.csproj", "{0BA126DC-C3B7-4CE5-A344-58DE75D1331C}"
EndProject
Project("{FAE04EC0-301F-11D3-BF4B-00C04F79EFBC}") = "SpencerGifts.Translate.Tlog.SGPYTECHCAN", "SpencerGifts.Translate.Tlog.SGPYTECHCAN\SpencerGifts.Translate.Tlog.SGPYTECHCAN.csproj", "{776183B2-7A48-4D80-BB56-16BE36CFA309}"
EndProject
Project("{FAE04EC0-301F-11D3-BF4B-00C04F79EFBC}") = "SpencerGifts.Translate.Tlog.SGTLOGFORMAT", "SpencerGifts.Translate.Tlog.SGTLOGFORMAT\SpencerGifts.Translate.Tlog.SGTLOGFORMAT.csproj", "{FF92495F-4AFC-4B59-8612-30D93F492A4B}"
EndProject
Global
	GlobalSection(SolutionConfigurationPlatforms) = preSolution
		Debug.Devon|Any CPU = Debug.Devon|Any CPU
		Debug|Any CPU = Debug|Any CPU
		Release|Any CPU = Release|Any CPU
		SGAPP|Any CPU = SGAPP|Any CPU
		SGPOSDATA|Any CPU = SGPOSDATA|Any CPU
		SGSCHEDULE|Any CPU = SGSCHEDULE|Any CPU
	EndGlobalSection
	GlobalSection(ProjectConfigurationPlatforms) = postSolution
		{EECFD299-DCFE-4C61-BCD9-42AD40CE9715}.Debug.Devon|Any CPU.ActiveCfg = Debug.Devon|Any CPU
		{EECFD299-DCFE-4C61-BCD9-42AD40CE9715}.Debug.Devon|Any CPU.Build.0 = Debug.Devon|Any CPU
		{EECFD299-DCFE-4C61-BCD9-42AD40CE9715}.Debug|Any CPU.ActiveCfg = Debug|Any CPU
		{EECFD299-DCFE-4C61-BCD9-42AD40CE9715}.Debug|Any CPU.Build.0 = Debug|Any CPU
		{EECFD299-DCFE-4C61-BCD9-42AD40CE9715}.Release|Any CPU.ActiveCfg = Release|Any CPU
		{EECFD299-DCFE-4C61-BCD9-42AD40CE9715}.Release|Any CPU.Build.0 = Release|Any CPU
		{EECFD299-DCFE-4C61-BCD9-42AD40CE9715}.SGAPP|Any CPU.ActiveCfg = SGAPP|Any CPU
		{EECFD299-DCFE-4C61-BCD9-42AD40CE9715}.SGAPP|Any CPU.Build.0 = SGAPP|Any CPU
		{EECFD299-DCFE-4C61-BCD9-42AD40CE9715}.SGPOSDATA|Any CPU.ActiveCfg = SGPOSDATA|Any CPU
		{EECFD299-DCFE-4C61-BCD9-42AD40CE9715}.SGPOSDATA|Any CPU.Build.0 = SGPOSDATA|Any CPU
		{EECFD299-DCFE-4C61-BCD9-42AD40CE9715}.SGSCHEDULE|Any CPU.ActiveCfg = SGSCHEDULE|Any CPU
		{EECFD299-DCFE-4C61-BCD9-42AD40CE9715}.SGSCHEDULE|Any CPU.Build.0 = SGSCHEDULE|Any CPU
		{E3EF289B-96F2-4484-AAD4-7F43F4E6E595}.Debug.Devon|Any CPU.ActiveCfg = Debug.Devon|Any CPU
		{E3EF289B-96F2-4484-AAD4-7F43F4E6E595}.Debug.Devon|Any CPU.Build.0 = Debug.Devon|Any CPU
		{E3EF289B-96F2-4484-AAD4-7F43F4E6E595}.Debug|Any CPU.ActiveCfg = Debug|Any CPU
		{E3EF289B-96F2-4484-AAD4-7F43F4E6E595}.Debug|Any CPU.Build.0 = Debug|Any CPU
		{E3EF289B-96F2-4484-AAD4-7F43F4E6E595}.Release|Any CPU.ActiveCfg = Debug|Any CPU
		{E3EF289B-96F2-4484-AAD4-7F43F4E6E595}.Release|Any CPU.Build.0 = Debug|Any CPU
		{E3EF289B-96F2-4484-AAD4-7F43F4E6E595}.SGAPP|Any CPU.ActiveCfg = SGAPP|Any CPU
		{E3EF289B-96F2-4484-AAD4-7F43F4E6E595}.SGAPP|Any CPU.Build.0 = SGAPP|Any CPU
		{E3EF289B-96F2-4484-AAD4-7F43F4E6E595}.SGPOSDATA|Any CPU.ActiveCfg = SGPOSDATA|Any CPU
		{E3EF289B-96F2-4484-AAD4-7F43F4E6E595}.SGPOSDATA|Any CPU.Build.0 = SGPOSDATA|Any CPU
		{E3EF289B-96F2-4484-AAD4-7F43F4E6E595}.SGSCHEDULE|Any CPU.ActiveCfg = SGSCHEDULE|Any CPU
		{E3EF289B-96F2-4484-AAD4-7F43F4E6E595}.SGSCHEDULE|Any CPU.Build.0 = SGSCHEDULE|Any CPU
		{305C3C58-C602-4DDB-B727-7817F20F1347}.Debug.Devon|Any CPU.ActiveCfg = Debug.Devon|Any CPU
		{305C3C58-C602-4DDB-B727-7817F20F1347}.Debug.Devon|Any CPU.Build.0 = Debug.Devon|Any CPU
		{305C3C58-C602-4DDB-B727-7817F20F1347}.Debug|Any CPU.ActiveCfg = Debug|Any CPU
		{305C3C58-C602-4DDB-B727-7817F20F1347}.Debug|Any CPU.Build.0 = Debug|Any CPU
		{305C3C58-C602-4DDB-B727-7817F20F1347}.Release|Any CPU.ActiveCfg = Release|Any CPU
		{305C3C58-C602-4DDB-B727-7817F20F1347}.Release|Any CPU.Build.0 = Release|Any CPU
		{305C3C58-C602-4DDB-B727-7817F20F1347}.SGAPP|Any CPU.ActiveCfg = SGAPP|Any CPU
		{305C3C58-C602-4DDB-B727-7817F20F1347}.SGAPP|Any CPU.Build.0 = SGAPP|Any CPU
		{305C3C58-C602-4DDB-B727-7817F20F1347}.SGPOSDATA|Any CPU.ActiveCfg = SGPOSDATA|Any CPU
		{305C3C58-C602-4DDB-B727-7817F20F1347}.SGPOSDATA|Any CPU.Build.0 = SGPOSDATA|Any CPU
		{305C3C58-C602-4DDB-B727-7817F20F1347}.SGSCHEDULE|Any CPU.ActiveCfg = SGSCHEDULE|Any CPU
		{305C3C58-C602-4DDB-B727-7817F20F1347}.SGSCHEDULE|Any CPU.Build.0 = SGSCHEDULE|Any CPU
		{11714276-0C72-4641-A10B-97E318C81C70}.Debug.Devon|Any CPU.ActiveCfg = Debug.Devon|Any CPU
		{11714276-0C72-4641-A10B-97E318C81C70}.Debug.Devon|Any CPU.Build.0 = Debug.Devon|Any CPU
		{11714276-0C72-4641-A10B-97E318C81C70}.Debug|Any CPU.ActiveCfg = Debug|Any CPU
		{11714276-0C72-4641-A10B-97E318C81C70}.Debug|Any CPU.Build.0 = Debug|Any CPU
		{11714276-0C72-4641-A10B-97E318C81C70}.Release|Any CPU.ActiveCfg = Release|Any CPU
		{11714276-0C72-4641-A10B-97E318C81C70}.Release|Any CPU.Build.0 = Release|Any CPU
		{11714276-0C72-4641-A10B-97E318C81C70}.SGAPP|Any CPU.ActiveCfg = SGAPP|Any CPU
		{11714276-0C72-4641-A10B-97E318C81C70}.SGAPP|Any CPU.Build.0 = SGAPP|Any CPU
		{11714276-0C72-4641-A10B-97E318C81C70}.SGPOSDATA|Any CPU.ActiveCfg = SGPOSDATA|Any CPU
		{11714276-0C72-4641-A10B-97E318C81C70}.SGPOSDATA|Any CPU.Build.0 = SGPOSDATA|Any CPU
		{11714276-0C72-4641-A10B-97E318C81C70}.SGSCHEDULE|Any CPU.ActiveCfg = SGSCHEDULE|Any CPU
		{11714276-0C72-4641-A10B-97E318C81C70}.SGSCHEDULE|Any CPU.Build.0 = SGSCHEDULE|Any CPU
		{5920D29E-95E5-4D58-8BF6-D3198D675561}.Debug.Devon|Any CPU.ActiveCfg = Debug.Devon|Any CPU
		{5920D29E-95E5-4D58-8BF6-D3198D675561}.Debug.Devon|Any CPU.Build.0 = Debug.Devon|Any CPU
		{5920D29E-95E5-4D58-8BF6-D3198D675561}.Debug|Any CPU.ActiveCfg = Debug|Any CPU
		{5920D29E-95E5-4D58-8BF6-D3198D675561}.Debug|Any CPU.Build.0 = Debug|Any CPU
		{5920D29E-95E5-4D58-8BF6-D3198D675561}.Release|Any CPU.ActiveCfg = Release|Any CPU
		{5920D29E-95E5-4D58-8BF6-D3198D675561}.Release|Any CPU.Build.0 = Release|Any CPU
		{5920D29E-95E5-4D58-8BF6-D3198D675561}.SGAPP|Any CPU.ActiveCfg = SGAPP|Any CPU
		{5920D29E-95E5-4D58-8BF6-D3198D675561}.SGAPP|Any CPU.Build.0 = SGAPP|Any CPU
		{5920D29E-95E5-4D58-8BF6-D3198D675561}.SGPOSDATA|Any CPU.ActiveCfg = SGPOSDATA|Any CPU
		{5920D29E-95E5-4D58-8BF6-D3198D675561}.SGPOSDATA|Any CPU.Build.0 = SGPOSDATA|Any CPU
		{5920D29E-95E5-4D58-8BF6-D3198D675561}.SGSCHEDULE|Any CPU.ActiveCfg = SGSCHEDULE|Any CPU
		{5920D29E-95E5-4D58-8BF6-D3198D675561}.SGSCHEDULE|Any CPU.Build.0 = SGSCHEDULE|Any CPU
		{2CF0E3B2-01D3-407C-BCFD-884FA9D9A11C}.Debug.Devon|Any CPU.ActiveCfg = Debug.Devon|Any CPU
		{2CF0E3B2-01D3-407C-BCFD-884FA9D9A11C}.Debug.Devon|Any CPU.Build.0 = Debug.Devon|Any CPU
		{2CF0E3B2-01D3-407C-BCFD-884FA9D9A11C}.Debug|Any CPU.ActiveCfg = Debug|Any CPU
		{2CF0E3B2-01D3-407C-BCFD-884FA9D9A11C}.Debug|Any CPU.Build.0 = Debug|Any CPU
		{2CF0E3B2-01D3-407C-BCFD-884FA9D9A11C}.Release|Any CPU.ActiveCfg = Release|Any CPU
		{2CF0E3B2-01D3-407C-BCFD-884FA9D9A11C}.Release|Any CPU.Build.0 = Release|Any CPU
		{2CF0E3B2-01D3-407C-BCFD-884FA9D9A11C}.SGAPP|Any CPU.ActiveCfg = SGAPP|Any CPU
		{2CF0E3B2-01D3-407C-BCFD-884FA9D9A11C}.SGAPP|Any CPU.Build.0 = SGAPP|Any CPU
		{2CF0E3B2-01D3-407C-BCFD-884FA9D9A11C}.SGPOSDATA|Any CPU.ActiveCfg = SGPOSDATA|Any CPU
		{2CF0E3B2-01D3-407C-BCFD-884FA9D9A11C}.SGPOSDATA|Any CPU.Build.0 = SGPOSDATA|Any CPU
		{2CF0E3B2-01D3-407C-BCFD-884FA9D9A11C}.SGSCHEDULE|Any CPU.ActiveCfg = SGSCHEDULE|Any CPU
		{2CF0E3B2-01D3-407C-BCFD-884FA9D9A11C}.SGSCHEDULE|Any CPU.Build.0 = SGSCHEDULE|Any CPU
		{78A4673C-173C-40CD-A974-FEA9FE66C213}.Debug.Devon|Any CPU.ActiveCfg = Debug|Any CPU
		{78A4673C-173C-40CD-A974-FEA9FE66C213}.Debug.Devon|Any CPU.Build.0 = Debug|Any CPU
		{78A4673C-173C-40CD-A974-FEA9FE66C213}.Debug|Any CPU.ActiveCfg = Debug|Any CPU
		{78A4673C-173C-40CD-A974-FEA9FE66C213}.Debug|Any CPU.Build.0 = Debug|Any CPU
		{78A4673C-173C-40CD-A974-FEA9FE66C213}.Release|Any CPU.ActiveCfg = Release|Any CPU
		{78A4673C-173C-40CD-A974-FEA9FE66C213}.Release|Any CPU.Build.0 = Release|Any CPU
		{78A4673C-173C-40CD-A974-FEA9FE66C213}.SGAPP|Any CPU.ActiveCfg = Release|Any CPU
		{78A4673C-173C-40CD-A974-FEA9FE66C213}.SGAPP|Any CPU.Build.0 = Release|Any CPU
		{78A4673C-173C-40CD-A974-FEA9FE66C213}.SGPOSDATA|Any CPU.ActiveCfg = Release|Any CPU
		{78A4673C-173C-40CD-A974-FEA9FE66C213}.SGPOSDATA|Any CPU.Build.0 = Release|Any CPU
		{78A4673C-173C-40CD-A974-FEA9FE66C213}.SGSCHEDULE|Any CPU.ActiveCfg = Release|Any CPU
		{78A4673C-173C-40CD-A974-FEA9FE66C213}.SGSCHEDULE|Any CPU.Build.0 = Release|Any CPU
		{FEB2B0CF-B34D-4C98-9128-71B36E2149FF}.Debug.Devon|Any CPU.ActiveCfg = Debug|Any CPU
		{FEB2B0CF-B34D-4C98-9128-71B36E2149FF}.Debug.Devon|Any CPU.Build.0 = Debug|Any CPU
		{FEB2B0CF-B34D-4C98-9128-71B36E2149FF}.Debug|Any CPU.ActiveCfg = Debug|Any CPU
		{FEB2B0CF-B34D-4C98-9128-71B36E2149FF}.Debug|Any CPU.Build.0 = Debug|Any CPU
		{FEB2B0CF-B34D-4C98-9128-71B36E2149FF}.Release|Any CPU.ActiveCfg = Release|Any CPU
		{FEB2B0CF-B34D-4C98-9128-71B36E2149FF}.Release|Any CPU.Build.0 = Release|Any CPU
		{FEB2B0CF-B34D-4C98-9128-71B36E2149FF}.SGAPP|Any CPU.ActiveCfg = Release|Any CPU
		{FEB2B0CF-B34D-4C98-9128-71B36E2149FF}.SGAPP|Any CPU.Build.0 = Release|Any CPU
		{FEB2B0CF-B34D-4C98-9128-71B36E2149FF}.SGPOSDATA|Any CPU.ActiveCfg = Release|Any CPU
		{FEB2B0CF-B34D-4C98-9128-71B36E2149FF}.SGPOSDATA|Any CPU.Build.0 = Release|Any CPU
		{FEB2B0CF-B34D-4C98-9128-71B36E2149FF}.SGSCHEDULE|Any CPU.ActiveCfg = Release|Any CPU
		{FEB2B0CF-B34D-4C98-9128-71B36E2149FF}.SGSCHEDULE|Any CPU.Build.0 = Release|Any CPU
		{0BA126DC-C3B7-4CE5-A344-58DE75D1331C}.Debug.Devon|Any CPU.ActiveCfg = Debug|Any CPU
		{0BA126DC-C3B7-4CE5-A344-58DE75D1331C}.Debug.Devon|Any CPU.Build.0 = Debug|Any CPU
		{0BA126DC-C3B7-4CE5-A344-58DE75D1331C}.Debug|Any CPU.ActiveCfg = Debug|Any CPU
		{0BA126DC-C3B7-4CE5-A344-58DE75D1331C}.Debug|Any CPU.Build.0 = Debug|Any CPU
		{0BA126DC-C3B7-4CE5-A344-58DE75D1331C}.Release|Any CPU.ActiveCfg = Release|Any CPU
		{0BA126DC-C3B7-4CE5-A344-58DE75D1331C}.Release|Any CPU.Build.0 = Release|Any CPU
		{0BA126DC-C3B7-4CE5-A344-58DE75D1331C}.SGAPP|Any CPU.ActiveCfg = Release|Any CPU
		{0BA126DC-C3B7-4CE5-A344-58DE75D1331C}.SGAPP|Any CPU.Build.0 = Release|Any CPU
		{0BA126DC-C3B7-4CE5-A344-58DE75D1331C}.SGPOSDATA|Any CPU.ActiveCfg = Release|Any CPU
		{0BA126DC-C3B7-4CE5-A344-58DE75D1331C}.SGPOSDATA|Any CPU.Build.0 = Release|Any CPU
		{0BA126DC-C3B7-4CE5-A344-58DE75D1331C}.SGSCHEDULE|Any CPU.ActiveCfg = Release|Any CPU
		{0BA126DC-C3B7-4CE5-A344-58DE75D1331C}.SGSCHEDULE|Any CPU.Build.0 = Release|Any CPU
		{776183B2-7A48-4D80-BB56-16BE36CFA309}.Debug.Devon|Any CPU.ActiveCfg = Debug|Any CPU
		{776183B2-7A48-4D80-BB56-16BE36CFA309}.Debug.Devon|Any CPU.Build.0 = Debug|Any CPU
		{776183B2-7A48-4D80-BB56-16BE36CFA309}.Debug|Any CPU.ActiveCfg = Debug|Any CPU
		{776183B2-7A48-4D80-BB56-16BE36CFA309}.Debug|Any CPU.Build.0 = Debug|Any CPU
		{776183B2-7A48-4D80-BB56-16BE36CFA309}.Release|Any CPU.ActiveCfg = Release|Any CPU
		{776183B2-7A48-4D80-BB56-16BE36CFA309}.Release|Any CPU.Build.0 = Release|Any CPU
		{776183B2-7A48-4D80-BB56-16BE36CFA309}.SGAPP|Any CPU.ActiveCfg = Release|Any CPU
		{776183B2-7A48-4D80-BB56-16BE36CFA309}.SGAPP|Any CPU.Build.0 = Release|Any CPU
		{776183B2-7A48-4D80-BB56-16BE36CFA309}.SGPOSDATA|Any CPU.ActiveCfg = Release|Any CPU
		{776183B2-7A48-4D80-BB56-16BE36CFA309}.SGPOSDATA|Any CPU.Build.0 = Release|Any CPU
		{776183B2-7A48-4D80-BB56-16BE36CFA309}.SGSCHEDULE|Any CPU.ActiveCfg = Release|Any CPU
		{776183B2-7A48-4D80-BB56-16BE36CFA309}.SGSCHEDULE|Any CPU.Build.0 = Release|Any CPU
		{FF92495F-4AFC-4B59-8612-30D93F492A4B}.Debug.Devon|Any CPU.ActiveCfg = Debug|Any CPU
		{FF92495F-4AFC-4B59-8612-30D93F492A4B}.Debug.Devon|Any CPU.Build.0 = Debug|Any CPU
		{FF92495F-4AFC-4B59-8612-30D93F492A4B}.Debug|Any CPU.ActiveCfg = Debug|Any CPU
		{FF92495F-4AFC-4B59-8612-30D93F492A4B}.Debug|Any CPU.Build.0 = Debug|Any CPU
		{FF92495F-4AFC-4B59-8612-30D93F492A4B}.Release|Any CPU.ActiveCfg = Release|Any CPU
		{FF92495F-4AFC-4B59-8612-30D93F492A4B}.Release|Any CPU.Build.0 = Release|Any CPU
		{FF92495F-4AFC-4B59-8612-30D93F492A4B}.SGAPP|Any CPU.ActiveCfg = Release|Any CPU
		{FF92495F-4AFC-4B59-8612-30D93F492A4B}.SGAPP|Any CPU.Build.0 = Release|Any CPU
		{FF92495F-4AFC-4B59-8612-30D93F492A4B}.SGPOSDATA|Any CPU.ActiveCfg = Release|Any CPU
		{FF92495F-4AFC-4B59-8612-30D93F492A4B}.SGPOSDATA|Any CPU.Build.0 = Release|Any CPU
		{FF92495F-4AFC-4B59-8612-30D93F492A4B}.SGSCHEDULE|Any CPU.ActiveCfg = Release|Any CPU
		{FF92495F-4AFC-4B59-8612-30D93F492A4B}.SGSCHEDULE|Any CPU.Build.0 = Release|Any CPU
	EndGlobalSection
	GlobalSection(SolutionProperties) = preSolution
		HideSolutionNode = FALSE
	EndGlobalSection
EndGlobal
