
Microsoft Visual Studio Solution File, Format Version 12.00
# Visual Studio 2013
VisualStudioVersion = 12.0.21005.1
MinimumVisualStudioVersion = 10.0.40219.1
Project("{FAE04EC0-301F-11D3-BF4B-00C04F79EFBC}") = "CON_TlogUpdater", "CON_TlogUpdater\CON_TlogUpdater.csproj", "{71B75A94-EA4B-4E0B-AC9E-28794A723FFE}"
EndProject
Project("{FAE04EC0-301F-11D3-BF4B-00C04F79EFBC}") = "TLogUpdater.Library", "TLog.Library\TLogUpdater.Library.csproj", "{BA70D98A-422E-489A-9278-2999C212B3EB}"
EndProject
Global
	GlobalSection(TeamFoundationVersionControl) = preSolution
		SccNumberOfProjects = 3
		SccEnterpriseProvider = {4CA58AB2-18FA-4F8D-95D4-32DDF27D184C}
		SccTeamFoundationServer = http://teamsystem:8080/tfs/appdevcollection
		SccLocalPath0 = .
		SccProjectUniqueName1 = CON_TlogUpdater\\CON_TlogUpdater.csproj
		SccProjectName1 = CON_TlogUpdater
		SccLocalPath1 = CON_TlogUpdater
		SccProjectUniqueName2 = TLog.Library\\TLogUpdater.Library.csproj
		SccProjectName2 = TLog.Library
		SccLocalPath2 = TLog.Library
	EndGlobalSection
	GlobalSection(SolutionConfigurationPlatforms) = preSolution
		Debug|Any CPU = Debug|Any CPU
		Release|Any CPU = Release|Any CPU
		SGSCHEDULE|Any CPU = SGSCHEDULE|Any CPU
	EndGlobalSection
	GlobalSection(ProjectConfigurationPlatforms) = postSolution
		{71B75A94-EA4B-4E0B-AC9E-28794A723FFE}.Debug|Any CPU.ActiveCfg = Debug|Any CPU
		{71B75A94-EA4B-4E0B-AC9E-28794A723FFE}.Debug|Any CPU.Build.0 = Debug|Any CPU
		{71B75A94-EA4B-4E0B-AC9E-28794A723FFE}.Release|Any CPU.ActiveCfg = Release|Any CPU
		{71B75A94-EA4B-4E0B-AC9E-28794A723FFE}.Release|Any CPU.Build.0 = Release|Any CPU
		{71B75A94-EA4B-4E0B-AC9E-28794A723FFE}.SGSCHEDULE|Any CPU.ActiveCfg = SGSCHEDULE|Any CPU
		{71B75A94-EA4B-4E0B-AC9E-28794A723FFE}.SGSCHEDULE|Any CPU.Build.0 = SGSCHEDULE|Any CPU
		{BA70D98A-422E-489A-9278-2999C212B3EB}.Debug|Any CPU.ActiveCfg = Debug|Any CPU
		{BA70D98A-422E-489A-9278-2999C212B3EB}.Debug|Any CPU.Build.0 = Debug|Any CPU
		{BA70D98A-422E-489A-9278-2999C212B3EB}.Release|Any CPU.ActiveCfg = Release|Any CPU
		{BA70D98A-422E-489A-9278-2999C212B3EB}.Release|Any CPU.Build.0 = Release|Any CPU
		{BA70D98A-422E-489A-9278-2999C212B3EB}.SGSCHEDULE|Any CPU.ActiveCfg = SGSCHEDULE|Any CPU
		{BA70D98A-422E-489A-9278-2999C212B3EB}.SGSCHEDULE|Any CPU.Build.0 = SGSCHEDULE|Any CPU
	EndGlobalSection
	GlobalSection(SolutionProperties) = preSolution
		HideSolutionNode = FALSE
	EndGlobalSection
EndGlobal
